
Microsoft Visual Studio Solution File, Format Version 12.00
# Visual Studio Version 17
VisualStudioVersion = 17.0.31903.59
MinimumVisualStudioVersion = 10.0.40219.1
Project("{FAE04EC0-301F-11D3-BF4B-00C04F79EFBC}") = "PollaMundialista.Domain", "PollaMundialista.Domain\PollaMundialista.Domain.csproj", "{D01629B0-9D1E-4CAA-8CDA-FAE4675FD19C}"
EndProject
Project("{FAE04EC0-301F-11D3-BF4B-00C04F79EFBC}") = "PollaMundialista.Application", "PollaMundialista.Application\PollaMundialista.Application.csproj", "{F16BA866-F9A2-400E-AAB6-E6A83AC7E556}"
EndProject
Project("{FAE04EC0-301F-11D3-BF4B-00C04F79EFBC}") = "PollaMundialista.Infrastructure", "PollaMundialista.Infrastructure\PollaMundialista.Infrastructure.csproj", "{95E36946-2687-463F-8035-A2EE547BE229}"
EndProject
Project("{FAE04EC0-301F-11D3-BF4B-00C04F79EFBC}") = "PollaMundialista.Api", "PollaMundialista.Api\PollaMundialista.Api.csproj", "{457E217E-B437-44E4-9836-438E40BAD832}"
EndProject
Project("{FAE04EC0-301F-11D3-BF4B-00C04F79EFBC}") = "PollaMundialista.Tests", "PollaMundialista.Tests\PollaMundialista.Tests.csproj", "{8452AAC4-14EC-4CCF-AE88-06EE85267814}"
EndProject
Global
	GlobalSection(SolutionConfigurationPlatforms) = preSolution
		Debug|Any CPU = Debug|Any CPU
		Release|Any CPU = Release|Any CPU
	EndGlobalSection
	GlobalSection(SolutionProperties) = preSolution
		HideSolutionNode = FALSE
	EndGlobalSection
	GlobalSection(ProjectConfigurationPlatforms) = postSolution
		{D01629B0-9D1E-4CAA-8CDA-FAE4675FD19C}.Debug|Any CPU.ActiveCfg = Debug|Any CPU
		{D01629B0-9D1E-4CAA-8CDA-FAE4675FD19C}.Debug|Any CPU.Build.0 = Debug|Any CPU
		{D01629B0-9D1E-4CAA-8CDA-FAE4675FD19C}.Release|Any CPU.ActiveCfg = Release|Any CPU
		{D01629B0-9D1E-4CAA-8CDA-FAE4675FD19C}.Release|Any CPU.Build.0 = Release|Any CPU
		{F16BA866-F9A2-400E-AAB6-E6A83AC7E556}.Debug|Any CPU.ActiveCfg = Debug|Any CPU
		{F16BA866-F9A2-400E-AAB6-E6A83AC7E556}.Debug|Any CPU.Build.0 = Debug|Any CPU
		{F16BA866-F9A2-400E-AAB6-E6A83AC7E556}.Release|Any CPU.ActiveCfg = Release|Any CPU
		{F16BA866-F9A2-400E-AAB6-E6A83AC7E556}.Release|Any CPU.Build.0 = Release|Any CPU
		{95E36946-2687-463F-8035-A2EE547BE229}.Debug|Any CPU.ActiveCfg = Debug|Any CPU
		{95E36946-2687-463F-8035-A2EE547BE229}.Debug|Any CPU.Build.0 = Debug|Any CPU
		{95E36946-2687-463F-8035-A2EE547BE229}.Release|Any CPU.ActiveCfg = Release|Any CPU
		{95E36946-2687-463F-8035-A2EE547BE229}.Release|Any CPU.Build.0 = Release|Any CPU
		{457E217E-B437-44E4-9836-438E40BAD832}.Debug|Any CPU.ActiveCfg = Debug|Any CPU
		{457E217E-B437-44E4-9836-438E40BAD832}.Debug|Any CPU.Build.0 = Debug|Any CPU
		{457E217E-B437-44E4-9836-438E40BAD832}.Release|Any CPU.ActiveCfg = Release|Any CPU
		{457E217E-B437-44E4-9836-438E40BAD832}.Release|Any CPU.Build.0 = Release|Any CPU
		{8452AAC4-14EC-4CCF-AE88-06EE85267814}.Debug|Any CPU.ActiveCfg = Debug|Any CPU
		{8452AAC4-14EC-4CCF-AE88-06EE85267814}.Debug|Any CPU.Build.0 = Debug|Any CPU
		{8452AAC4-14EC-4CCF-AE88-06EE85267814}.Release|Any CPU.ActiveCfg = Release|Any CPU
		{8452AAC4-14EC-4CCF-AE88-06EE85267814}.Release|Any CPU.Build.0 = Release|Any CPU
	EndGlobalSection
EndGlobal
